
Microsoft Visual Studio Solution File, Format Version 12.00
# Visual Studio 15
VisualStudioVersion = 15.0.27703.2047
MinimumVisualStudioVersion = 10.0.40219.1
Project("{151D2E53-A2C4-4D7D-83FE-D05416EBD58E}") = "batchServiceResourceGroup", "batchServiceResourceGroup\batchServiceResourceGroup.deployproj", "{2AE4EE80-9B94-4836-BDC8-3235C6F2EDDB}"
EndProject
Global
	GlobalSection(SolutionConfigurationPlatforms) = preSolution
		Debug|Any CPU = Debug|Any CPU
		Release|Any CPU = Release|Any CPU
	EndGlobalSection
	GlobalSection(ProjectConfigurationPlatforms) = postSolution
		{2AE4EE80-9B94-4836-BDC8-3235C6F2EDDB}.Debug|Any CPU.ActiveCfg = Debug|Any CPU
		{2AE4EE80-9B94-4836-BDC8-3235C6F2EDDB}.Debug|Any CPU.Build.0 = Debug|Any CPU
		{2AE4EE80-9B94-4836-BDC8-3235C6F2EDDB}.Release|Any CPU.ActiveCfg = Release|Any CPU
		{2AE4EE80-9B94-4836-BDC8-3235C6F2EDDB}.Release|Any CPU.Build.0 = Release|Any CPU
	EndGlobalSection
	GlobalSection(SolutionProperties) = preSolution
		HideSolutionNode = FALSE
	EndGlobalSection
	GlobalSection(ExtensibilityGlobals) = postSolution
		SolutionGuid = {45935285-52BC-41BF-92CD-C95C7B293F8A}
	EndGlobalSection
EndGlobal
