
Microsoft Visual Studio Solution File, Format Version 12.00
# Visual Studio 15
VisualStudioVersion = 15.0.27703.2047
MinimumVisualStudioVersion = 10.0.40219.1
Project("{151D2E53-A2C4-4D7D-83FE-D05416EBD58E}") = "DiagnosticSetting", "DiagnosticSetting\DiagnosticSetting.deployproj", "{D77F5F2A-960F-4A0A-8D6C-923A90018F7D}"
EndProject
Global
	GlobalSection(SolutionConfigurationPlatforms) = preSolution
		Debug|Any CPU = Debug|Any CPU
		Release|Any CPU = Release|Any CPU
	EndGlobalSection
	GlobalSection(ProjectConfigurationPlatforms) = postSolution
		{D77F5F2A-960F-4A0A-8D6C-923A90018F7D}.Debug|Any CPU.ActiveCfg = Debug|Any CPU
		{D77F5F2A-960F-4A0A-8D6C-923A90018F7D}.Debug|Any CPU.Build.0 = Debug|Any CPU
		{D77F5F2A-960F-4A0A-8D6C-923A90018F7D}.Release|Any CPU.ActiveCfg = Release|Any CPU
		{D77F5F2A-960F-4A0A-8D6C-923A90018F7D}.Release|Any CPU.Build.0 = Release|Any CPU
	EndGlobalSection
	GlobalSection(SolutionProperties) = preSolution
		HideSolutionNode = FALSE
	EndGlobalSection
	GlobalSection(ExtensibilityGlobals) = postSolution
		SolutionGuid = {6854FE7C-958B-422B-8188-1BCAB1940F8B}
	EndGlobalSection
EndGlobal
